
Microsoft Visual Studio Solution File, Format Version 12.00
# Visual Studio Version 17
VisualStudioVersion = 17.9.34622.214
MinimumVisualStudioVersion = 10.0.40219.1
Project("{FAE04EC0-301F-11D3-BF4B-00C04F79EFBC}") = "Client", "Client.csproj", "{74CC6E32-1AD7-4207-99DD-96279980BC29}"
EndProject
Global
	GlobalSection(SolutionConfigurationPlatforms) = preSolution
		Debug|Any CPU = Debug|Any CPU
		Release|Any CPU = Release|Any CPU
	EndGlobalSection
	GlobalSection(ProjectConfigurationPlatforms) = postSolution
		{74CC6E32-1AD7-4207-99DD-96279980BC29}.Debug|Any CPU.ActiveCfg = Debug|Any CPU
		{74CC6E32-1AD7-4207-99DD-96279980BC29}.Debug|Any CPU.Build.0 = Debug|Any CPU
		{74CC6E32-1AD7-4207-99DD-96279980BC29}.Release|Any CPU.ActiveCfg = Release|Any CPU
		{74CC6E32-1AD7-4207-99DD-96279980BC29}.Release|Any CPU.Build.0 = Release|Any CPU
	EndGlobalSection
	GlobalSection(SolutionProperties) = preSolution
		HideSolutionNode = FALSE
	EndGlobalSection
	GlobalSection(ExtensibilityGlobals) = postSolution
		SolutionGuid = {7FC7A0EB-EC44-45A9-A539-1DB915F4F748}
	EndGlobalSection
EndGlobal
